// !$*UTF8*$!
{
	archiveVersion = 1;
	classes = {
	};
	objectVersion = 46;
	objects = {

/* Begin PBXBuildFile section */
		75799ED01A85527500F8F0F3 /* linear.cpp in Sources */ = {isa = PBXBuildFile; fileRef = 75799ECF1A85527500F8F0F3 /* linear.cpp */; };
		75A2EE8D1A8AFB6800659AFB /* character.cpp in Sources */ = {isa = PBXBuildFile; fileRef = 75A2EE8C1A8AFB6800659AFB /* character.cpp */; };
		75A2EE8F1A8AFD8800659AFB /* maze.cpp in Sources */ = {isa = PBXBuildFile; fileRef = 75A2EE8E1A8AFD8800659AFB /* maze.cpp */; };
		75A2EE911A8AFDD000659AFB /* tree.cpp in Sources */ = {isa = PBXBuildFile; fileRef = 75A2EE901A8AFDD000659AFB /* tree.cpp */; };
/* End PBXBuildFile section */

/* Begin PBXCopyFilesBuildPhase section */
		75BD97041A818A460074817A /* CopyFiles */ = {
			isa = PBXCopyFilesBuildPhase;
			buildActionMask = 2147483647;
			dstPath = /usr/share/man/man1/;
			dstSubfolderSpec = 0;
			files = (
			);
			runOnlyForDeploymentPostprocessing = 1;
		};
/* End PBXCopyFilesBuildPhase section */

/* Begin PBXFileReference section */
		75799ECF1A85527500F8F0F3 /* linear.cpp */ = {isa = PBXFileReference; fileEncoding = 4; lastKnownFileType = sourcecode.cpp.cpp; path = linear.cpp; sourceTree = "<group>"; };
		75A2EE8C1A8AFB6800659AFB /* character.cpp */ = {isa = PBXFileReference; fileEncoding = 4; lastKnownFileType = sourcecode.cpp.cpp; path = character.cpp; sourceTree = "<group>"; };
		75A2EE8E1A8AFD8800659AFB /* maze.cpp */ = {isa = PBXFileReference; fileEncoding = 4; lastKnownFileType = sourcecode.cpp.cpp; path = maze.cpp; sourceTree = "<group>"; };
		75A2EE901A8AFDD000659AFB /* tree.cpp */ = {isa = PBXFileReference; fileEncoding = 4; lastKnownFileType = sourcecode.cpp.cpp; path = tree.cpp; sourceTree = "<group>"; };
		75BD97061A818A460074817A /* Homework3 */ = {isa = PBXFileReference; explicitFileType = "compiled.mach-o.executable"; includeInIndex = 0; path = Homework3; sourceTree = BUILT_PRODUCTS_DIR; };
/* End PBXFileReference section */

/* Begin PBXFrameworksBuildPhase section */
		75BD97031A818A460074817A /* Frameworks */ = {
			isa = PBXFrameworksBuildPhase;
			buildActionMask = 2147483647;
			files = (
			);
			runOnlyForDeploymentPostprocessing = 0;
		};
/* End PBXFrameworksBuildPhase section */

/* Begin PBXGroup section */
		75BD96FD1A818A460074817A = {
			isa = PBXGroup;
			children = (
				75BD97081A818A460074817A /* Homework3 */,
				75BD97071A818A460074817A /* Products */,
			);
			sourceTree = "<group>";
		};
		75BD97071A818A460074817A /* Products */ = {
			isa = PBXGroup;
			children = (
				75BD97061A818A460074817A /* Homework3 */,
			);
			name = Products;
			sourceTree = "<group>";
		};
		75BD97081A818A460074817A /* Homework3 */ = {
			isa = PBXGroup;
			children = (
				75799ECF1A85527500F8F0F3 /* linear.cpp */,
				75A2EE8C1A8AFB6800659AFB /* character.cpp */,
				75A2EE8E1A8AFD8800659AFB /* maze.cpp */,
				75A2EE901A8AFDD000659AFB /* tree.cpp */,
			);
			path = Homework3;
			sourceTree = "<group>";
		};
/* End PBXGroup section */

/* Begin PBXNativeTarget section */
		75BD97051A818A460074817A /* Homework3 */ = {
			isa = PBXNativeTarget;
			buildConfigurationList = 75BD970D1A818A460074817A /* Build configuration list for PBXNativeTarget "Homework3" */;
			buildPhases = (
				75BD97021A818A460074817A /* Sources */,
				75BD97031A818A460074817A /* Frameworks */,
				75BD97041A818A460074817A /* CopyFiles */,
			);
			buildRules = (
			);
			dependencies = (
			);
			name = Homework3;
			productName = Homework3;
			productReference = 75BD97061A818A460074817A /* Homework3 */;
			productType = "com.apple.product-type.tool";
		};
/* End PBXNativeTarget section */

/* Begin PBXProject section */
		75BD96FE1A818A460074817A /* Project object */ = {
			isa = PBXProject;
			attributes = {
				LastUpgradeCheck = 0610;
				ORGANIZATIONNAME = Rekoz;
				TargetAttributes = {
					75BD97051A818A460074817A = {
						CreatedOnToolsVersion = 6.1;
					};
				};
			};
			buildConfigurationList = 75BD97011A818A460074817A /* Build configuration list for PBXProject "Homework3" */;
			compatibilityVersion = "Xcode 3.2";
			developmentRegion = English;
			hasScannedForEncodings = 0;
			knownRegions = (
				en,
			);
			mainGroup = 75BD96FD1A818A460074817A;
			productRefGroup = 75BD97071A818A460074817A /* Products */;
			projectDirPath = "";
			projectRoot = "";
			targets = (
				75BD97051A818A460074817A /* Homework3 */,
			);
		};
/* End PBXProject section */

/* Begin PBXSourcesBuildPhase section */
		75BD97021A818A460074817A /* Sources */ = {
			isa = PBXSourcesBuildPhase;
			buildActionMask = 2147483647;
			files = (
				75799ED01A85527500F8F0F3 /* linear.cpp in Sources */,
				75A2EE911A8AFDD000659AFB /* tree.cpp in Sources */,
				75A2EE8D1A8AFB6800659AFB /* character.cpp in Sources */,
				75A2EE8F1A8AFD8800659AFB /* maze.cpp in Sources */,
			);
			runOnlyForDeploymentPostprocessing = 0;
		};
/* End PBXSourcesBuildPhase section */

/* Begin XCBuildConfiguration section */
		75BD970B1A818A460074817A /* Debug */ = {
			isa = XCBuildConfiguration;
			buildSettings = {
				ALWAYS_SEARCH_USER_PATHS = NO;
				CLANG_CXX_LANGUAGE_STANDARD = "gnu++0x";
				CLANG_CXX_LIBRARY = "libc++";
				CLANG_ENABLE_MODULES = YES;
				CLANG_ENABLE_OBJC_ARC = YES;
				CLANG_WARN_BOOL_CONVERSION = YES;
				CLANG_WARN_CONSTANT_CONVERSION = YES;
				CLANG_WARN_DIRECT_OBJC_ISA_USAGE = YES_ERROR;
				CLANG_WARN_EMPTY_BODY = YES;
				CLANG_WARN_ENUM_CONVERSION = YES;
				CLANG_WARN_INT_CONVERSION = YES;
				CLANG_WARN_OBJC_ROOT_CLASS = YES_ERROR;
				CLANG_WARN_UNREACHABLE_CODE = YES;
				CLANG_WARN__DUPLICATE_METHOD_MATCH = YES;
				COPY_PHASE_STRIP = NO;
				ENABLE_STRICT_OBJC_MSGSEND = YES;
				GCC_C_LANGUAGE_STANDARD = gnu99;
				GCC_DYNAMIC_NO_PIC = NO;
				GCC_OPTIMIZATION_LEVEL = 0;
				GCC_PREPROCESSOR_DEFINITIONS = (
					"DEBUG=1",
					"$(inherited)",
				);
				GCC_SYMBOLS_PRIVATE_EXTERN = NO;
				GCC_WARN_64_TO_32_BIT_CONVERSION = YES;
				GCC_WARN_ABOUT_RETURN_TYPE = YES_ERROR;
				GCC_WARN_UNDECLARED_SELECTOR = YES;
				GCC_WARN_UNINITIALIZED_AUTOS = YES_AGGRESSIVE;
				GCC_WARN_UNUSED_FUNCTION = YES;
				GCC_WARN_UNUSED_VARIABLE = YES;
				MACOSX_DEPLOYMENT_TARGET = 10.10;
				MTL_ENABLE_DEBUG_INFO = YES;
				ONLY_ACTIVE_ARCH = YES;
				SDKROOT = macosx;
			};
			name = Debug;
		};
		75BD970C1A818A460074817A /* Release */ = {
			isa = XCBuildConfiguration;
			buildSettings = {
				ALWAYS_SEARCH_USER_PATHS = NO;
				CLANG_CXX_LANGUAGE_STANDARD = "gnu++0x";
				CLANG_CXX_LIBRARY = "libc++";
				CLANG_ENABLE_MODULES = YES;
				CLANG_ENABLE_OBJC_ARC = YES;
				CLANG_WARN_BOOL_CONVERSION = YES;
				CLANG_WARN_CONSTANT_CONVERSION = YES;
				CLANG_WARN_DIRECT_OBJC_ISA_USAGE = YES_ERROR;
				CLANG_WARN_EMPTY_BODY = YES;
				CLANG_WARN_ENUM_CONVERSION = YES;
				CLANG_WARN_INT_CONVERSION = YES;
				CLANG_WARN_OBJC_ROOT_CLASS = YES_ERROR;
				CLANG_WARN_UNREACHABLE_CODE = YES;
				CLANG_WARN__DUPLICATE_METHOD_MATCH = YES;
				COPY_PHASE_STRIP = YES;
				DEBUG_INFORMATION_FORMAT = "dwarf-with-dsym";
				ENABLE_NS_ASSERTIONS = NO;
				ENABLE_STRICT_OBJC_MSGSEND = YES;
				GCC_C_LANGUAGE_STANDARD = gnu99;
				GCC_WARN_64_TO_32_BIT_CONVERSION = YES;
				GCC_WARN_ABOUT_RETURN_TYPE = YES_ERROR;
				GCC_WARN_UNDECLARED_SELECTOR = YES;
				GCC_WARN_UNINITIALIZED_AUTOS = YES_AGGRESSIVE;
				GCC_WARN_UNUSED_FUNCTION = YES;
				GCC_WARN_UNUSED_VARIABLE = YES;
				MACOSX_DEPLOYMENT_TARGET = 10.10;
				MTL_ENABLE_DEBUG_INFO = NO;
				SDKROOT = macosx;
			};
			name = Release;
		};
		75BD970E1A818A460074817A /* Debug */ = {
			isa = XCBuildConfiguration;
			buildSettings = {
				PRODUCT_NAME = "$(TARGET_NAME)";
			};
			name = Debug;
		};
		75BD970F1A818A460074817A /* Release */ = {
			isa = XCBuildConfiguration;
			buildSettings = {
				PRODUCT_NAME = "$(TARGET_NAME)";
			};
			name = Release;
		};
/* End XCBuildConfiguration section */

/* Begin XCConfigurationList section */
		75BD97011A818A460074817A /* Build configuration list for PBXProject "Homework3" */ = {
			isa = XCConfigurationList;
			buildConfigurations = (
				75BD970B1A818A460074817A /* Debug */,
				75BD970C1A818A460074817A /* Release */,
			);
			defaultConfigurationIsVisible = 0;
			defaultConfigurationName = Release;
		};
		75BD970D1A818A460074817A /* Build configuration list for PBXNativeTarget "Homework3" */ = {
			isa = XCConfigurationList;
			buildConfigurations = (
				75BD970E1A818A460074817A /* Debug */,
				75BD970F1A818A460074817A /* Release */,
			);
			defaultConfigurationIsVisible = 0;
			defaultConfigurationName = Release;
		};
/* End XCConfigurationList section */
	};
	rootObject = 75BD96FE1A818A460074817A /* Project object */;
}
